
Microsoft Visual Studio Solution File, Format Version 12.00
# Visual Studio Version 17
VisualStudioVersion = 17.0.31903.59
MinimumVisualStudioVersion = 10.0.40219.1
Project("{2150E333-8FDC-42A3-9474-1A3956D46DE8}") = "server", "server", "{EC3E42FE-547E-48ED-88D0-4AD451366FF1}"
EndProject
Project("{FAE04EC0-301F-11D3-BF4B-00C04F79EFBC}") = "Api.Rest", "server\Api.Rest\Api.Rest.csproj", "{C60B19AE-3D05-4CE1-9B65-E4F36C9963C1}"
EndProject
Project("{FAE04EC0-301F-11D3-BF4B-00C04F79EFBC}") = "Api.Websocket", "server\Api.Websocket\Api.Websocket.csproj", "{D6FDCF13-F292-4081-BFAE-0A6D58155E7F}"
EndProject
Project("{FAE04EC0-301F-11D3-BF4B-00C04F79EFBC}") = "Application", "server\Application\Application.csproj", "{C91037CE-8065-4BAA-ADA3-9004941C8B96}"
EndProject
Project("{FAE04EC0-301F-11D3-BF4B-00C04F79EFBC}") = "Core.Domain", "server\Core.Domain\Core.Domain.csproj", "{57F7EEFD-65BB-4C6A-AAB3-FA838A6180EB}"
EndProject
Project("{FAE04EC0-301F-11D3-BF4B-00C04F79EFBC}") = "Infrastructure.MQTT", "server\Infrastructure.MQTT\Infrastructure.MQTT.csproj", "{C3E7090F-8FEB-40B5-BCD7-A259829719E1}"
EndProject
Project("{FAE04EC0-301F-11D3-BF4B-00C04F79EFBC}") = "Infrastructure.Postgres", "server\Infrastructure.Postgres\Infrastructure.Postgres.csproj", "{CC90C892-3FA4-4FA4-9867-F39C6CDDDC0B}"
EndProject
Project("{FAE04EC0-301F-11D3-BF4B-00C04F79EFBC}") = "Infrastructure.Postgres.Scaffolding", "server\Infrastructure.Postgres.Scaffolding\Infrastructure.Postgres.Scaffolding.csproj", "{7894EE3E-7EFD-4859-B762-DDA7EF513376}"
EndProject
Project("{FAE04EC0-301F-11D3-BF4B-00C04F79EFBC}") = "Infrastructure.Websocket", "server\Infrastructure.Websocket\Infrastructure.Websocket.csproj", "{193B6F03-F2B8-4079-B78E-86BE1D229311}"
EndProject
Project("{FAE04EC0-301F-11D3-BF4B-00C04F79EFBC}") = "Startup", "server\Startup\Startup.csproj", "{6DB727C7-886E-4E08-8FBC-8B8B128D5F3C}"
EndProject
Project("{FAE04EC0-301F-11D3-BF4B-00C04F79EFBC}") = "Infrastructure.Logging", "server\Infrastructure.Logging\Infrastructure.Logging.csproj", "{2289260F-066B-4561-8102-2B8E9E727DBB}"
EndProject
Project("{FAE04EC0-301F-11D3-BF4B-00C04F79EFBC}") = "Application.Tests", "server\Application.Tests\Application.Tests.csproj", "{03BB2EAD-2B86-4DC1-815C-2713906CC8D3}"
EndProject
Project("{FAE04EC0-301F-11D3-BF4B-00C04F79EFBC}") = "Infrastructure.Postgres.Tests", "server\Infrastructure.Postgres.Tests\Infrastructure.Postgres.Tests.csproj", "{3BFF2767-1B35-4BF3-8A9D-8ED7C8FBC2C0}"
EndProject
Project("{FAE04EC0-301F-11D3-BF4B-00C04F79EFBC}") = "Infrastructure.Websocket.Tests", "server\Infrastructure.Websocket.Tests\Infrastructure.Websocket.Tests.csproj", "{2ACB3331-1279-4710-BF63-320EB0AB1066}"
EndProject
Project("{FAE04EC0-301F-11D3-BF4B-00C04F79EFBC}") = "Api.Rest.ControllerTests", "server\Api.Rest.ControllerTests\Api.Rest.ControllerTests.csproj", "{F2173DF0-9DD2-4F98-8096-2D8CB22D2708}"
EndProject
Project("{FAE04EC0-301F-11D3-BF4B-00C04F79EFBC}") = "Infrastructure.MQTT.Tests", "server\Infrastructure.MQTT.Tests\Infrastructure.MQTT.Tests.csproj", "{22711154-E780-4DE8-B006-5554CDF202C0}"
EndProject
Project("{FAE04EC0-301F-11D3-BF4B-00C04F79EFBC}") = "Api.Websocket.Tests", "server\Api.Websocket.Tests\Api.Websocket.Tests.csproj", "{F4504BB1-D520-4607-8F36-C25CFE06B15D}"
EndProject
Global
	GlobalSection(SolutionConfigurationPlatforms) = preSolution
		Debug|Any CPU = Debug|Any CPU
		Release|Any CPU = Release|Any CPU
	EndGlobalSection
	GlobalSection(SolutionProperties) = preSolution
		HideSolutionNode = FALSE
	EndGlobalSection
	GlobalSection(ProjectConfigurationPlatforms) = postSolution
		{C60B19AE-3D05-4CE1-9B65-E4F36C9963C1}.Debug|Any CPU.ActiveCfg = Debug|Any CPU
		{C60B19AE-3D05-4CE1-9B65-E4F36C9963C1}.Debug|Any CPU.Build.0 = Debug|Any CPU
		{C60B19AE-3D05-4CE1-9B65-E4F36C9963C1}.Release|Any CPU.ActiveCfg = Release|Any CPU
		{C60B19AE-3D05-4CE1-9B65-E4F36C9963C1}.Release|Any CPU.Build.0 = Release|Any CPU
		{D6FDCF13-F292-4081-BFAE-0A6D58155E7F}.Debug|Any CPU.ActiveCfg = Debug|Any CPU
		{D6FDCF13-F292-4081-BFAE-0A6D58155E7F}.Debug|Any CPU.Build.0 = Debug|Any CPU
		{D6FDCF13-F292-4081-BFAE-0A6D58155E7F}.Release|Any CPU.ActiveCfg = Release|Any CPU
		{D6FDCF13-F292-4081-BFAE-0A6D58155E7F}.Release|Any CPU.Build.0 = Release|Any CPU
		{C91037CE-8065-4BAA-ADA3-9004941C8B96}.Debug|Any CPU.ActiveCfg = Debug|Any CPU
		{C91037CE-8065-4BAA-ADA3-9004941C8B96}.Debug|Any CPU.Build.0 = Debug|Any CPU
		{C91037CE-8065-4BAA-ADA3-9004941C8B96}.Release|Any CPU.ActiveCfg = Release|Any CPU
		{C91037CE-8065-4BAA-ADA3-9004941C8B96}.Release|Any CPU.Build.0 = Release|Any CPU
		{57F7EEFD-65BB-4C6A-AAB3-FA838A6180EB}.Debug|Any CPU.ActiveCfg = Debug|Any CPU
		{57F7EEFD-65BB-4C6A-AAB3-FA838A6180EB}.Debug|Any CPU.Build.0 = Debug|Any CPU
		{57F7EEFD-65BB-4C6A-AAB3-FA838A6180EB}.Release|Any CPU.ActiveCfg = Release|Any CPU
		{57F7EEFD-65BB-4C6A-AAB3-FA838A6180EB}.Release|Any CPU.Build.0 = Release|Any CPU
		{C3E7090F-8FEB-40B5-BCD7-A259829719E1}.Debug|Any CPU.ActiveCfg = Debug|Any CPU
		{C3E7090F-8FEB-40B5-BCD7-A259829719E1}.Debug|Any CPU.Build.0 = Debug|Any CPU
		{C3E7090F-8FEB-40B5-BCD7-A259829719E1}.Release|Any CPU.ActiveCfg = Release|Any CPU
		{C3E7090F-8FEB-40B5-BCD7-A259829719E1}.Release|Any CPU.Build.0 = Release|Any CPU
		{CC90C892-3FA4-4FA4-9867-F39C6CDDDC0B}.Debug|Any CPU.ActiveCfg = Debug|Any CPU
		{CC90C892-3FA4-4FA4-9867-F39C6CDDDC0B}.Debug|Any CPU.Build.0 = Debug|Any CPU
		{CC90C892-3FA4-4FA4-9867-F39C6CDDDC0B}.Release|Any CPU.ActiveCfg = Release|Any CPU
		{CC90C892-3FA4-4FA4-9867-F39C6CDDDC0B}.Release|Any CPU.Build.0 = Release|Any CPU
		{7894EE3E-7EFD-4859-B762-DDA7EF513376}.Debug|Any CPU.ActiveCfg = Debug|Any CPU
		{7894EE3E-7EFD-4859-B762-DDA7EF513376}.Debug|Any CPU.Build.0 = Debug|Any CPU
		{7894EE3E-7EFD-4859-B762-DDA7EF513376}.Release|Any CPU.ActiveCfg = Release|Any CPU
		{7894EE3E-7EFD-4859-B762-DDA7EF513376}.Release|Any CPU.Build.0 = Release|Any CPU
		{193B6F03-F2B8-4079-B78E-86BE1D229311}.Debug|Any CPU.ActiveCfg = Debug|Any CPU
		{193B6F03-F2B8-4079-B78E-86BE1D229311}.Debug|Any CPU.Build.0 = Debug|Any CPU
		{193B6F03-F2B8-4079-B78E-86BE1D229311}.Release|Any CPU.ActiveCfg = Release|Any CPU
		{193B6F03-F2B8-4079-B78E-86BE1D229311}.Release|Any CPU.Build.0 = Release|Any CPU
		{6DB727C7-886E-4E08-8FBC-8B8B128D5F3C}.Debug|Any CPU.ActiveCfg = Debug|Any CPU
		{6DB727C7-886E-4E08-8FBC-8B8B128D5F3C}.Debug|Any CPU.Build.0 = Debug|Any CPU
		{6DB727C7-886E-4E08-8FBC-8B8B128D5F3C}.Release|Any CPU.ActiveCfg = Release|Any CPU
		{6DB727C7-886E-4E08-8FBC-8B8B128D5F3C}.Release|Any CPU.Build.0 = Release|Any CPU
		{2289260F-066B-4561-8102-2B8E9E727DBB}.Debug|Any CPU.ActiveCfg = Debug|Any CPU
		{2289260F-066B-4561-8102-2B8E9E727DBB}.Debug|Any CPU.Build.0 = Debug|Any CPU
		{2289260F-066B-4561-8102-2B8E9E727DBB}.Release|Any CPU.ActiveCfg = Release|Any CPU
		{2289260F-066B-4561-8102-2B8E9E727DBB}.Release|Any CPU.Build.0 = Release|Any CPU
		{03BB2EAD-2B86-4DC1-815C-2713906CC8D3}.Debug|Any CPU.ActiveCfg = Debug|Any CPU
		{03BB2EAD-2B86-4DC1-815C-2713906CC8D3}.Debug|Any CPU.Build.0 = Debug|Any CPU
		{03BB2EAD-2B86-4DC1-815C-2713906CC8D3}.Release|Any CPU.ActiveCfg = Release|Any CPU
		{03BB2EAD-2B86-4DC1-815C-2713906CC8D3}.Release|Any CPU.Build.0 = Release|Any CPU
		{3BFF2767-1B35-4BF3-8A9D-8ED7C8FBC2C0}.Debug|Any CPU.ActiveCfg = Debug|Any CPU
		{3BFF2767-1B35-4BF3-8A9D-8ED7C8FBC2C0}.Debug|Any CPU.Build.0 = Debug|Any CPU
		{3BFF2767-1B35-4BF3-8A9D-8ED7C8FBC2C0}.Release|Any CPU.ActiveCfg = Release|Any CPU
		{3BFF2767-1B35-4BF3-8A9D-8ED7C8FBC2C0}.Release|Any CPU.Build.0 = Release|Any CPU
		{2ACB3331-1279-4710-BF63-320EB0AB1066}.Debug|Any CPU.ActiveCfg = Debug|Any CPU
		{2ACB3331-1279-4710-BF63-320EB0AB1066}.Debug|Any CPU.Build.0 = Debug|Any CPU
		{2ACB3331-1279-4710-BF63-320EB0AB1066}.Release|Any CPU.ActiveCfg = Release|Any CPU
		{2ACB3331-1279-4710-BF63-320EB0AB1066}.Release|Any CPU.Build.0 = Release|Any CPU
		{F2173DF0-9DD2-4F98-8096-2D8CB22D2708}.Debug|Any CPU.ActiveCfg = Debug|Any CPU
		{F2173DF0-9DD2-4F98-8096-2D8CB22D2708}.Debug|Any CPU.Build.0 = Debug|Any CPU
		{F2173DF0-9DD2-4F98-8096-2D8CB22D2708}.Release|Any CPU.ActiveCfg = Release|Any CPU
		{F2173DF0-9DD2-4F98-8096-2D8CB22D2708}.Release|Any CPU.Build.0 = Release|Any CPU
		{22711154-E780-4DE8-B006-5554CDF202C0}.Debug|Any CPU.ActiveCfg = Debug|Any CPU
		{22711154-E780-4DE8-B006-5554CDF202C0}.Debug|Any CPU.Build.0 = Debug|Any CPU
		{22711154-E780-4DE8-B006-5554CDF202C0}.Release|Any CPU.ActiveCfg = Release|Any CPU
		{22711154-E780-4DE8-B006-5554CDF202C0}.Release|Any CPU.Build.0 = Release|Any CPU
		{F4504BB1-D520-4607-8F36-C25CFE06B15D}.Debug|Any CPU.ActiveCfg = Debug|Any CPU
		{F4504BB1-D520-4607-8F36-C25CFE06B15D}.Debug|Any CPU.Build.0 = Debug|Any CPU
		{F4504BB1-D520-4607-8F36-C25CFE06B15D}.Release|Any CPU.ActiveCfg = Release|Any CPU
		{F4504BB1-D520-4607-8F36-C25CFE06B15D}.Release|Any CPU.Build.0 = Release|Any CPU
	EndGlobalSection
	GlobalSection(NestedProjects) = preSolution
		{C60B19AE-3D05-4CE1-9B65-E4F36C9963C1} = {EC3E42FE-547E-48ED-88D0-4AD451366FF1}
		{D6FDCF13-F292-4081-BFAE-0A6D58155E7F} = {EC3E42FE-547E-48ED-88D0-4AD451366FF1}
		{C91037CE-8065-4BAA-ADA3-9004941C8B96} = {EC3E42FE-547E-48ED-88D0-4AD451366FF1}
		{57F7EEFD-65BB-4C6A-AAB3-FA838A6180EB} = {EC3E42FE-547E-48ED-88D0-4AD451366FF1}
		{C3E7090F-8FEB-40B5-BCD7-A259829719E1} = {EC3E42FE-547E-48ED-88D0-4AD451366FF1}
		{CC90C892-3FA4-4FA4-9867-F39C6CDDDC0B} = {EC3E42FE-547E-48ED-88D0-4AD451366FF1}
		{7894EE3E-7EFD-4859-B762-DDA7EF513376} = {EC3E42FE-547E-48ED-88D0-4AD451366FF1}
		{193B6F03-F2B8-4079-B78E-86BE1D229311} = {EC3E42FE-547E-48ED-88D0-4AD451366FF1}
		{6DB727C7-886E-4E08-8FBC-8B8B128D5F3C} = {EC3E42FE-547E-48ED-88D0-4AD451366FF1}
		{2289260F-066B-4561-8102-2B8E9E727DBB} = {EC3E42FE-547E-48ED-88D0-4AD451366FF1}
		{03BB2EAD-2B86-4DC1-815C-2713906CC8D3} = {EC3E42FE-547E-48ED-88D0-4AD451366FF1}
		{3BFF2767-1B35-4BF3-8A9D-8ED7C8FBC2C0} = {EC3E42FE-547E-48ED-88D0-4AD451366FF1}
		{2ACB3331-1279-4710-BF63-320EB0AB1066} = {EC3E42FE-547E-48ED-88D0-4AD451366FF1}
		{F2173DF0-9DD2-4F98-8096-2D8CB22D2708} = {EC3E42FE-547E-48ED-88D0-4AD451366FF1}
		{22711154-E780-4DE8-B006-5554CDF202C0} = {EC3E42FE-547E-48ED-88D0-4AD451366FF1}
		{F4504BB1-D520-4607-8F36-C25CFE06B15D} = {EC3E42FE-547E-48ED-88D0-4AD451366FF1}
	EndGlobalSection
EndGlobal
